
Microsoft Visual Studio Solution File, Format Version 12.00
# Visual Studio 2012
Project("{FAE04EC0-301F-11D3-BF4B-00C04F79EFBC}") = "MyConstruction", "MyConstruction\MyConstruction.csproj", "{66C432C5-0DE0-4701-A24F-307D2A1502CC}"
EndProject
Global
	GlobalSection(SolutionConfigurationPlatforms) = preSolution
		Debug|Any CPU = Debug|Any CPU
		Release|Any CPU = Release|Any CPU
	EndGlobalSection
	GlobalSection(ProjectConfigurationPlatforms) = postSolution
		{66C432C5-0DE0-4701-A24F-307D2A1502CC}.Debug|Any CPU.ActiveCfg = Debug|Any CPU
		{66C432C5-0DE0-4701-A24F-307D2A1502CC}.Debug|Any CPU.Build.0 = Debug|Any CPU
		{66C432C5-0DE0-4701-A24F-307D2A1502CC}.Release|Any CPU.ActiveCfg = Release|Any CPU
		{66C432C5-0DE0-4701-A24F-307D2A1502CC}.Release|Any CPU.Build.0 = Release|Any CPU
	EndGlobalSection
	GlobalSection(SolutionProperties) = preSolution
		HideSolutionNode = FALSE
	EndGlobalSection
EndGlobal
